
Microsoft Visual Studio Solution File, Format Version 12.00
# Visual Studio Version 16
VisualStudioVersion = 16.0.30711.63
MinimumVisualStudioVersion = 10.0.40219.1
Project("{8BC9CEB8-8B4A-11D0-8D11-00A0C91BC942}") = "Exo1", "TP3\TP3.vcxproj", "{5475915C-F46D-4AD5-A11B-BDD1D4E5DFC1}"
EndProject
Project("{8BC9CEB8-8B4A-11D0-8D11-00A0C91BC942}") = "Exo2", "Exo2\Exo2.vcxproj", "{C1B909B5-57B3-49C9-A351-17F996FFB520}"
EndProject
Project("{8BC9CEB8-8B4A-11D0-8D11-00A0C91BC942}") = "Exo3", "Exo3\Exo3.vcxproj", "{E9CE11DD-57D1-41B6-861A-F39B016F75A0}"
EndProject
Global
	GlobalSection(SolutionConfigurationPlatforms) = preSolution
		Debug|x64 = Debug|x64
		Debug|x86 = Debug|x86
		Release|x64 = Release|x64
		Release|x86 = Release|x86
	EndGlobalSection
	GlobalSection(ProjectConfigurationPlatforms) = postSolution
		{5475915C-F46D-4AD5-A11B-BDD1D4E5DFC1}.Debug|x64.ActiveCfg = Debug|x64
		{5475915C-F46D-4AD5-A11B-BDD1D4E5DFC1}.Debug|x64.Build.0 = Debug|x64
		{5475915C-F46D-4AD5-A11B-BDD1D4E5DFC1}.Debug|x86.ActiveCfg = Debug|Win32
		{5475915C-F46D-4AD5-A11B-BDD1D4E5DFC1}.Debug|x86.Build.0 = Debug|Win32
		{5475915C-F46D-4AD5-A11B-BDD1D4E5DFC1}.Release|x64.ActiveCfg = Release|x64
		{5475915C-F46D-4AD5-A11B-BDD1D4E5DFC1}.Release|x64.Build.0 = Release|x64
		{5475915C-F46D-4AD5-A11B-BDD1D4E5DFC1}.Release|x86.ActiveCfg = Release|Win32
		{5475915C-F46D-4AD5-A11B-BDD1D4E5DFC1}.Release|x86.Build.0 = Release|Win32
		{C1B909B5-57B3-49C9-A351-17F996FFB520}.Debug|x64.ActiveCfg = Debug|x64
		{C1B909B5-57B3-49C9-A351-17F996FFB520}.Debug|x64.Build.0 = Debug|x64
		{C1B909B5-57B3-49C9-A351-17F996FFB520}.Debug|x86.ActiveCfg = Debug|Win32
		{C1B909B5-57B3-49C9-A351-17F996FFB520}.Debug|x86.Build.0 = Debug|Win32
		{C1B909B5-57B3-49C9-A351-17F996FFB520}.Release|x64.ActiveCfg = Release|x64
		{C1B909B5-57B3-49C9-A351-17F996FFB520}.Release|x64.Build.0 = Release|x64
		{C1B909B5-57B3-49C9-A351-17F996FFB520}.Release|x86.ActiveCfg = Release|Win32
		{C1B909B5-57B3-49C9-A351-17F996FFB520}.Release|x86.Build.0 = Release|Win32
		{E9CE11DD-57D1-41B6-861A-F39B016F75A0}.Debug|x64.ActiveCfg = Debug|x64
		{E9CE11DD-57D1-41B6-861A-F39B016F75A0}.Debug|x64.Build.0 = Debug|x64
		{E9CE11DD-57D1-41B6-861A-F39B016F75A0}.Debug|x86.ActiveCfg = Debug|Win32
		{E9CE11DD-57D1-41B6-861A-F39B016F75A0}.Debug|x86.Build.0 = Debug|Win32
		{E9CE11DD-57D1-41B6-861A-F39B016F75A0}.Release|x64.ActiveCfg = Release|x64
		{E9CE11DD-57D1-41B6-861A-F39B016F75A0}.Release|x64.Build.0 = Release|x64
		{E9CE11DD-57D1-41B6-861A-F39B016F75A0}.Release|x86.ActiveCfg = Release|Win32
		{E9CE11DD-57D1-41B6-861A-F39B016F75A0}.Release|x86.Build.0 = Release|Win32
	EndGlobalSection
	GlobalSection(SolutionProperties) = preSolution
		HideSolutionNode = FALSE
	EndGlobalSection
	GlobalSection(ExtensibilityGlobals) = postSolution
		SolutionGuid = {FB9112EB-5E79-460C-9EF6-9A7683B71667}
	EndGlobalSection
EndGlobal
